
Microsoft Visual Studio Solution File, Format Version 12.00
# Visual Studio 15
VisualStudioVersion = 15.0.27130.0
MinimumVisualStudioVersion = 10.0.40219.1
Project("{FAE04EC0-301F-11D3-BF4B-00C04F79EFBC}") = "gu86", "gu86\gu86.csproj", "{56C1DAD6-2BF2-4E9E-83F1-EF8333BC3A4B}"
EndProject
Project("{FAE04EC0-301F-11D3-BF4B-00C04F79EFBC}") = "mtdx", "mtdx\mtdx.csproj", "{00B72F93-6067-4E39-B472-DBB111A3C045}"
EndProject
Global
	GlobalSection(SolutionConfigurationPlatforms) = preSolution
		Debug|Any CPU = Debug|Any CPU
		Release|Any CPU = Release|Any CPU
	EndGlobalSection
	GlobalSection(ProjectConfigurationPlatforms) = postSolution
		{56C1DAD6-2BF2-4E9E-83F1-EF8333BC3A4B}.Debug|Any CPU.ActiveCfg = Debug|Any CPU
		{56C1DAD6-2BF2-4E9E-83F1-EF8333BC3A4B}.Debug|Any CPU.Build.0 = Debug|Any CPU
		{56C1DAD6-2BF2-4E9E-83F1-EF8333BC3A4B}.Release|Any CPU.ActiveCfg = Release|Any CPU
		{56C1DAD6-2BF2-4E9E-83F1-EF8333BC3A4B}.Release|Any CPU.Build.0 = Release|Any CPU
		{00B72F93-6067-4E39-B472-DBB111A3C045}.Debug|Any CPU.ActiveCfg = Debug|Any CPU
		{00B72F93-6067-4E39-B472-DBB111A3C045}.Debug|Any CPU.Build.0 = Debug|Any CPU
		{00B72F93-6067-4E39-B472-DBB111A3C045}.Release|Any CPU.ActiveCfg = Release|Any CPU
		{00B72F93-6067-4E39-B472-DBB111A3C045}.Release|Any CPU.Build.0 = Release|Any CPU
	EndGlobalSection
	GlobalSection(SolutionProperties) = preSolution
		HideSolutionNode = FALSE
	EndGlobalSection
	GlobalSection(ExtensibilityGlobals) = postSolution
		SolutionGuid = {B64895A8-2FF8-477E-A61A-CFEA15409B69}
	EndGlobalSection
EndGlobal
